Microsoft Visual Studio Solution File, Format Version 12.00
# Visual Studio Version 17
VisualStudioVersion = 17.5.2.0
MinimumVisualStudioVersion = 10.0.40219.1
Project("{FAE04EC0-301F-11D3-BF4B-00C04F79EFBC}") = "Oasis API", "Oasis API.csproj", "{37A5197E-765F-F1D4-CD64-DE7F0F37E2A1}"
EndProject
Global
	GlobalSection(SolutionConfigurationPlatforms) = preSolution
		Debug|Any CPU = Debug|Any CPU
		Release|Any CPU = Release|Any CPU
	EndGlobalSection
	GlobalSection(ProjectConfigurationPlatforms) = postSolution
		{37A5197E-765F-F1D4-CD64-DE7F0F37E2A1}.Debug|Any CPU.ActiveCfg = Debug|Any CPU
		{37A5197E-765F-F1D4-CD64-DE7F0F37E2A1}.Debug|Any CPU.Build.0 = Debug|Any CPU
		{37A5197E-765F-F1D4-CD64-DE7F0F37E2A1}.Release|Any CPU.ActiveCfg = Release|Any CPU
		{37A5197E-765F-F1D4-CD64-DE7F0F37E2A1}.Release|Any CPU.Build.0 = Release|Any CPU
	EndGlobalSection
	GlobalSection(SolutionProperties) = preSolution
		HideSolutionNode = FALSE
	EndGlobalSection
	GlobalSection(ExtensibilityGlobals) = postSolution
		SolutionGuid = {C1139855-67E9-4042-9504-772D276A7185}
	EndGlobalSection
EndGlobal
